// !$*UTF8*$!
{
	archiveVersion = 1;
	classes = {
	};
	objectVersion = 46;
	objects = {

/* Begin PBXBuildFile section */
		589922CB1C808C9200BAEFF2 /* AppDelegate.swift in Sources */ = {isa = PBXBuildFile; fileRef = 589922CA1C808C9200BAEFF2 /* AppDelegate.swift */; };
		589922CD1C808C9200BAEFF2 /* ViewController.swift in Sources */ = {isa = PBXBuildFile; fileRef = 589922CC1C808C9200BAEFF2 /* ViewController.swift */; };
		589922D01C808C9200BAEFF2 /* Main.storyboard in Resources */ = {isa = PBXBuildFile; fileRef = 589922CE1C808C9200BAEFF2 /* Main.storyboard */; };
		589922D21C808C9200BAEFF2 /* Assets.xcassets in Resources */ = {isa = PBXBuildFile; fileRef = 589922D11C808C9200BAEFF2 /* Assets.xcassets */; };
		589922D51C808C9200BAEFF2 /* LaunchScreen.storyboard in Resources */ = {isa = PBXBuildFile; fileRef = 589922D31C808C9200BAEFF2 /* LaunchScreen.storyboard */; };
/* End PBXBuildFile section */

/* Begin PBXFileReference section */
		589922C71C808C9200BAEFF2 /* Push.app */ = {isa = PBXFileReference; explicitFileType = wrapper.application; includeInIndex = 0; path = Push.app; sourceTree = BUILT_PRODUCTS_DIR; };
		589922CA1C808C9200BAEFF2 /* AppDelegate.swift */ = {isa = PBXFileReference; lastKnownFileType = sourcecode.swift; path = AppDelegate.swift; sourceTree = "<group>"; };
		589922CC1C808C9200BAEFF2 /* ViewController.swift */ = {isa = PBXFileReference; lastKnownFileType = sourcecode.swift; path = ViewController.swift; sourceTree = "<group>"; };
		589922CF1C808C9200BAEFF2 /* Base */ = {isa = PBXFileReference; lastKnownFileType = file.storyboard; name = Base; path = Base.lproj/Main.storyboard; sourceTree = "<group>"; };
		589922D11C808C9200BAEFF2 /* Assets.xcassets */ = {isa = PBXFileReference; lastKnownFileType = folder.assetcatalog; path = Assets.xcassets; sourceTree = "<group>"; };
		589922D41C808C9200BAEFF2 /* Base */ = {isa = PBXFileReference; lastKnownFileType = file.storyboard; name = Base; path = Base.lproj/LaunchScreen.storyboard; sourceTree = "<group>"; };
		589922D61C808C9200BAEFF2 /* Info.plist */ = {isa = PBXFileReference; lastKnownFileType = text.plist.xml; path = Info.plist; sourceTree = "<group>"; };
		589922DC1C8090E400BAEFF2 /* aps_development.cer */ = {isa = PBXFileReference; lastKnownFileType = file; path = aps_development.cer; sourceTree = "<group>"; };
/* End PBXFileReference section */

/* Begin PBXFrameworksBuildPhase section */
		589922C41C808C9200BAEFF2 /* Frameworks */ = {
			isa = PBXFrameworksBuildPhase;
			buildActionMask = 2147483647;
			files = (
			);
			runOnlyForDeploymentPostprocessing = 0;
		};
/* End PBXFrameworksBuildPhase section */

/* Begin PBXGroup section */
		589922BE1C808C9200BAEFF2 = {
			isa = PBXGroup;
			children = (
				589922C91C808C9200BAEFF2 /* Push */,
				589922C81C808C9200BAEFF2 /* Products */,
			);
			sourceTree = "<group>";
		};
		589922C81C808C9200BAEFF2 /* Products */ = {
			isa = PBXGroup;
			children = (
				589922C71C808C9200BAEFF2 /* Push.app */,
			);
			name = Products;
			sourceTree = "<group>";
		};
		589922C91C808C9200BAEFF2 /* Push */ = {
			isa = PBXGroup;
			children = (
				589922CA1C808C9200BAEFF2 /* AppDelegate.swift */,
				589922CC1C808C9200BAEFF2 /* ViewController.swift */,
				589922CE1C808C9200BAEFF2 /* Main.storyboard */,
				589922D11C808C9200BAEFF2 /* Assets.xcassets */,
				589922D31C808C9200BAEFF2 /* LaunchScreen.storyboard */,
				589922D61C808C9200BAEFF2 /* Info.plist */,
				589922DC1C8090E400BAEFF2 /* aps_development.cer */,
			);
			path = Push;
			sourceTree = "<group>";
		};
/* End PBXGroup section */

/* Begin PBXNativeTarget section */
		589922C61C808C9200BAEFF2 /* Push */ = {
			isa = PBXNativeTarget;
			buildConfigurationList = 589922D91C808C9200BAEFF2 /* Build configuration list for PBXNativeTarget "Push" */;
			buildPhases = (
				589922C31C808C9200BAEFF2 /* Sources */,
				589922C41C808C9200BAEFF2 /* Frameworks */,
				589922C51C808C9200BAEFF2 /* Resources */,
			);
			buildRules = (
			);
			dependencies = (
			);
			name = Push;
			productName = Push;
			productReference = 589922C71C808C9200BAEFF2 /* Push.app */;
			productType = "com.apple.product-type.application";
		};
/* End PBXNativeTarget section */

/* Begin PBXProject section */
		589922BF1C808C9200BAEFF2 /* Project object */ = {
			isa = PBXProject;
			attributes = {
				LastSwiftUpdateCheck = 0720;
				LastUpgradeCheck = 0720;
				ORGANIZATIONNAME = zank;
				TargetAttributes = {
					589922C61C808C9200BAEFF2 = {
						CreatedOnToolsVersion = 7.2.1;
						DevelopmentTeam = 9DN7Z43QH3;
						SystemCapabilities = {
							com.apple.BackgroundModes = {
								enabled = 1;
							};
						};
					};
				};
			};
			buildConfigurationList = 589922C21C808C9200BAEFF2 /* Build configuration list for PBXProject "Push" */;
			compatibilityVersion = "Xcode 3.2";
			developmentRegion = English;
			hasScannedForEncodings = 0;
			knownRegions = (
				en,
				Base,
			);
			mainGroup = 589922BE1C808C9200BAEFF2;
			productRefGroup = 589922C81C808C9200BAEFF2 /* Products */;
			projectDirPath = "";
			projectRoot = "";
			targets = (
				589922C61C808C9200BAEFF2 /* Push */,
			);
		};
/* End PBXProject section */

/* Begin PBXResourcesBuildPhase section */
		589922C51C808C9200BAEFF2 /* Resources */ = {
			isa = PBXResourcesBuildPhase;
			buildActionMask = 2147483647;
			files = (
				589922D51C808C9200BAEFF2 /* LaunchScreen.storyboard in Resources */,
				589922D21C808C9200BAEFF2 /* Assets.xcassets in Resources */,
				589922D01C808C9200BAEFF2 /* Main.storyboard in Resources */,
			);
			runOnlyForDeploymentPostprocessing = 0;
		};
/* End PBXResourcesBuildPhase section */

/* Begin PBXSourcesBuildPhase section */
		589922C31C808C9200BAEFF2 /* Sources */ = {
			isa = PBXSourcesBuildPhase;
			buildActionMask = 2147483647;
			files = (
				589922CD1C808C9200BAEFF2 /* ViewController.swift in Sources */,
				589922CB1C808C9200BAEFF2 /* AppDelegate.swift in Sources */,
			);
			runOnlyForDeploymentPostprocessing = 0;
		};
/* End PBXSourcesBuildPhase section */

/* Begin PBXVariantGroup section */
		589922CE1C808C9200BAEFF2 /* Main.storyboard */ = {
			isa = PBXVariantGroup;
			children = (
				589922CF1C808C9200BAEFF2 /* Base */,
			);
			name = Main.storyboard;
			sourceTree = "<group>";
		};
		589922D31C808C9200BAEFF2 /* LaunchScreen.storyboard */ = {
			isa = PBXVariantGroup;
			children = (
				589922D41C808C9200BAEFF2 /* Base */,
			);
			name = LaunchScreen.storyboard;
			sourceTree = "<group>";
		};
/* End PBXVariantGroup section */

/* Begin XCBuildConfiguration section */
		589922D71C808C9200BAEFF2 /* Debug */ = {
			isa = XCBuildConfiguration;
			buildSettings = {
				ALWAYS_SEARCH_USER_PATHS = NO;
				CLANG_CXX_LANGUAGE_STANDARD = "gnu++0x";
				CLANG_CXX_LIBRARY = "libc++";
				CLANG_ENABLE_MODULES = YES;
				CLANG_ENABLE_OBJC_ARC = YES;
				CLANG_WARN_BOOL_CONVERSION = YES;
				CLANG_WARN_CONSTANT_CONVERSION = YES;
				CLANG_WARN_DIRECT_OBJC_ISA_USAGE = YES_ERROR;
				CLANG_WARN_EMPTY_BODY = YES;
				CLANG_WARN_ENUM_CONVERSION = YES;
				CLANG_WARN_INT_CONVERSION = YES;
				CLANG_WARN_OBJC_ROOT_CLASS = YES_ERROR;
				CLANG_WARN_UNREACHABLE_CODE = YES;
				CLANG_WARN__DUPLICATE_METHOD_MATCH = YES;
				"CODE_SIGN_IDENTITY[sdk=iphoneos*]" = "iPhone Developer";
				COPY_PHASE_STRIP = NO;
				DEBUG_INFORMATION_FORMAT = dwarf;
				ENABLE_STRICT_OBJC_MSGSEND = YES;
				ENABLE_TESTABILITY = YES;
				GCC_C_LANGUAGE_STANDARD = gnu99;
				GCC_DYNAMIC_NO_PIC = NO;
				GCC_NO_COMMON_BLOCKS = YES;
				GCC_OPTIMIZATION_LEVEL = 0;
				GCC_PREPROCESSOR_DEFINITIONS = (
					"DEBUG=1",
					"$(inherited)",
				);
				GCC_WARN_64_TO_32_BIT_CONVERSION = YES;
				GCC_WARN_ABOUT_RETURN_TYPE = YES_ERROR;
				GCC_WARN_UNDECLARED_SELECTOR = YES;
				GCC_WARN_UNINITIALIZED_AUTOS = YES_AGGRESSIVE;
				GCC_WARN_UNUSED_FUNCTION = YES;
				GCC_WARN_UNUSED_VARIABLE = YES;
				IPHONEOS_DEPLOYMENT_TARGET = 9.2;
				MTL_ENABLE_DEBUG_INFO = YES;
				ONLY_ACTIVE_ARCH = YES;
				SDKROOT = iphoneos;
				SWIFT_OPTIMIZATION_LEVEL = "-Onone";
			};
			name = Debug;
		};
		589922D81C808C9200BAEFF2 /* Release */ = {
			isa = XCBuildConfiguration;
			buildSettings = {
				ALWAYS_SEARCH_USER_PATHS = NO;
				CLANG_CXX_LANGUAGE_STANDARD = "gnu++0x";
				CLANG_CXX_LIBRARY = "libc++";
				CLANG_ENABLE_MODULES = YES;
				CLANG_ENABLE_OBJC_ARC = YES;
				CLANG_WARN_BOOL_CONVERSION = YES;
				CLANG_WARN_CONSTANT_CONVERSION = YES;
				CLANG_WARN_DIRECT_OBJC_ISA_USAGE = YES_ERROR;
				CLANG_WARN_EMPTY_BODY = YES;
				CLANG_WARN_ENUM_CONVERSION = YES;
				CLANG_WARN_INT_CONVERSION = YES;
				CLANG_WARN_OBJC_ROOT_CLASS = YES_ERROR;
				CLANG_WARN_UNREACHABLE_CODE = YES;
				CLANG_WARN__DUPLICATE_METHOD_MATCH = YES;
				"CODE_SIGN_IDENTITY[sdk=iphoneos*]" = "iPhone Developer";
				COPY_PHASE_STRIP = NO;
				DEBUG_INFORMATION_FORMAT = "dwarf-with-dsym";
				ENABLE_NS_ASSERTIONS = NO;
				ENABLE_STRICT_OBJC_MSGSEND = YES;
				GCC_C_LANGUAGE_STANDARD = gnu99;
				GCC_NO_COMMON_BLOCKS = YES;
				GCC_WARN_64_TO_32_BIT_CONVERSION = YES;
				GCC_WARN_ABOUT_RETURN_TYPE = YES_ERROR;
				GCC_WARN_UNDECLARED_SELECTOR = YES;
				GCC_WARN_UNINITIALIZED_AUTOS = YES_AGGRESSIVE;
				GCC_WARN_UNUSED_FUNCTION = YES;
				GCC_WARN_UNUSED_VARIABLE = YES;
				IPHONEOS_DEPLOYMENT_TARGET = 9.2;
				MTL_ENABLE_DEBUG_INFO = NO;
				SDKROOT = iphoneos;
				VALIDATE_PRODUCT = YES;
			};
			name = Release;
		};
		589922DA1C808C9200BAEFF2 /* Debug */ = {
			isa = XCBuildConfiguration;
			buildSettings = {
				ASSETCATALOG_COMPILER_APPICON_NAME = AppIcon;
				CODE_SIGN_IDENTITY = "iPhone Developer";
				INFOPLIST_FILE = Push/Info.plist;
				LD_RUNPATH_SEARCH_PATHS = "$(inherited) @executable_path/Frameworks";
				PRODUCT_BUNDLE_IDENTIFIER = com.zank.Push;
				PRODUCT_NAME = "$(TARGET_NAME)";
			};
			name = Debug;
		};
		589922DB1C808C9200BAEFF2 /* Release */ = {
			isa = XCBuildConfiguration;
			buildSettings = {
				ASSETCATALOG_COMPILER_APPICON_NAME = AppIcon;
				CODE_SIGN_IDENTITY = "iPhone Developer";
				INFOPLIST_FILE = Push/Info.plist;
				LD_RUNPATH_SEARCH_PATHS = "$(inherited) @executable_path/Frameworks";
				PRODUCT_BUNDLE_IDENTIFIER = com.zank.Push;
				PRODUCT_NAME = "$(TARGET_NAME)";
			};
			name = Release;
		};
/* End XCBuildConfiguration section */

/* Begin XCConfigurationList section */
		589922C21C808C9200BAEFF2 /* Build configuration list for PBXProject "Push" */ = {
			isa = XCConfigurationList;
			buildConfigurations = (
				589922D71C808C9200BAEFF2 /* Debug */,
				589922D81C808C9200BAEFF2 /* Release */,
			);
			defaultConfigurationIsVisible = 0;
			defaultConfigurationName = Release;
		};
		589922D91C808C9200BAEFF2 /* Build configuration list for PBXNativeTarget "Push" */ = {
			isa = XCConfigurationList;
			buildConfigurations = (
				589922DA1C808C9200BAEFF2 /* Debug */,
				589922DB1C808C9200BAEFF2 /* Release */,
			);
			defaultConfigurationIsVisible = 0;
		};
/* End XCConfigurationList section */
	};
	rootObject = 589922BF1C808C9200BAEFF2 /* Project object */;
}
